
Microsoft Visual Studio Solution File, Format Version 12.00
# Visual Studio Version 16
VisualStudioVersion = 16.0.32002.261
MinimumVisualStudioVersion = 10.0.40219.1
Project("{FAE04EC0-301F-11D3-BF4B-00C04F79EFBC}") = "Factors", "Factors\Factors.csproj", "{8E23DA3A-76BC-408D-9095-B041FC74BBD2}"
EndProject
Global
	GlobalSection(SolutionConfigurationPlatforms) = preSolution
		Debug|Any CPU = Debug|Any CPU
		Release|Any CPU = Release|Any CPU
	EndGlobalSection
	GlobalSection(ProjectConfigurationPlatforms) = postSolution
		{8E23DA3A-76BC-408D-9095-B041FC74BBD2}.Debug|Any CPU.ActiveCfg = Debug|Any CPU
		{8E23DA3A-76BC-408D-9095-B041FC74BBD2}.Debug|Any CPU.Build.0 = Debug|Any CPU
		{8E23DA3A-76BC-408D-9095-B041FC74BBD2}.Release|Any CPU.ActiveCfg = Release|Any CPU
		{8E23DA3A-76BC-408D-9095-B041FC74BBD2}.Release|Any CPU.Build.0 = Release|Any CPU
	EndGlobalSection
	GlobalSection(SolutionProperties) = preSolution
		HideSolutionNode = FALSE
	EndGlobalSection
	GlobalSection(ExtensibilityGlobals) = postSolution
		SolutionGuid = {0BC8D64D-20BD-4C85-9C3C-391C9610A3C7}
	EndGlobalSection
EndGlobal
